
Microsoft Visual Studio Solution File, Format Version 12.00
# Visual Studio Version 17
VisualStudioVersion = 17.8.34525.116
MinimumVisualStudioVersion = 10.0.40219.1
Project("{2150E333-8FDC-42A3-9474-1A3956D46DE8}") = "data", "data", "{AE298158-49AE-43FD-A917-51B3109B80DD}"
EndProject
Project("{2150E333-8FDC-42A3-9474-1A3956D46DE8}") = "src", "src", "{6430A1A5-7793-4F26-A6C1-2DD21EB47FB1}"
EndProject
Project("{2150E333-8FDC-42A3-9474-1A3956D46DE8}") = "Core", "Core", "{626EA618-25CB-4221-B168-CF2894213D34}"
EndProject
Project("{9A19103F-16F7-4668-BE54-9A1E7A4F7556}") = "App.Common", "src\Core\App.Common\App.Common.csproj", "{4B16A8EF-A310-4FCD-80A3-9D386AC63DC8}"
EndProject
Project("{9A19103F-16F7-4668-BE54-9A1E7A4F7556}") = "App.Core", "src\Core\App.Core\App.Core.csproj", "{55C3D4FF-99A5-4F84-ACA9-CA55B1A3FC01}"
EndProject
Project("{9A19103F-16F7-4668-BE54-9A1E7A4F7556}") = "Domain", "src\Domain\Domain.csproj", "{F761218F-5203-4C7D-BAD5-A725448D578B}"
EndProject
Project("{9A19103F-16F7-4668-BE54-9A1E7A4F7556}") = "Infrastructure", "src\Infrastructure\Infrastructure.csproj", "{A3FE99D4-9F33-4602-96F2-FEDB7C66630F}"
EndProject
Project("{9A19103F-16F7-4668-BE54-9A1E7A4F7556}") = "WebUI", "src\WebUI\WebUI.csproj", "{DA6D626A-5E97-4371-A8B4-EF3E55E607C5}"
EndProject
Project("{00D1A9C2-B5F0-4AF3-8072-F6C62B433612}") = "App.Database", "data\App.Database\App.Database.sqlproj", "{F28D00E7-7E80-4E0E-B156-54D481DA7A55}"
EndProject
Global
	GlobalSection(SolutionConfigurationPlatforms) = preSolution
		Debug|Any CPU = Debug|Any CPU
		Release|Any CPU = Release|Any CPU
	EndGlobalSection
	GlobalSection(ProjectConfigurationPlatforms) = postSolution
		{4B16A8EF-A310-4FCD-80A3-9D386AC63DC8}.Debug|Any CPU.ActiveCfg = Debug|Any CPU
		{4B16A8EF-A310-4FCD-80A3-9D386AC63DC8}.Debug|Any CPU.Build.0 = Debug|Any CPU
		{4B16A8EF-A310-4FCD-80A3-9D386AC63DC8}.Release|Any CPU.ActiveCfg = Release|Any CPU
		{4B16A8EF-A310-4FCD-80A3-9D386AC63DC8}.Release|Any CPU.Build.0 = Release|Any CPU
		{55C3D4FF-99A5-4F84-ACA9-CA55B1A3FC01}.Debug|Any CPU.ActiveCfg = Debug|Any CPU
		{55C3D4FF-99A5-4F84-ACA9-CA55B1A3FC01}.Debug|Any CPU.Build.0 = Debug|Any CPU
		{55C3D4FF-99A5-4F84-ACA9-CA55B1A3FC01}.Release|Any CPU.ActiveCfg = Release|Any CPU
		{55C3D4FF-99A5-4F84-ACA9-CA55B1A3FC01}.Release|Any CPU.Build.0 = Release|Any CPU
		{F761218F-5203-4C7D-BAD5-A725448D578B}.Debug|Any CPU.ActiveCfg = Debug|Any CPU
		{F761218F-5203-4C7D-BAD5-A725448D578B}.Debug|Any CPU.Build.0 = Debug|Any CPU
		{F761218F-5203-4C7D-BAD5-A725448D578B}.Release|Any CPU.ActiveCfg = Release|Any CPU
		{F761218F-5203-4C7D-BAD5-A725448D578B}.Release|Any CPU.Build.0 = Release|Any CPU
		{A3FE99D4-9F33-4602-96F2-FEDB7C66630F}.Debug|Any CPU.ActiveCfg = Debug|Any CPU
		{A3FE99D4-9F33-4602-96F2-FEDB7C66630F}.Debug|Any CPU.Build.0 = Debug|Any CPU
		{A3FE99D4-9F33-4602-96F2-FEDB7C66630F}.Release|Any CPU.ActiveCfg = Release|Any CPU
		{A3FE99D4-9F33-4602-96F2-FEDB7C66630F}.Release|Any CPU.Build.0 = Release|Any CPU
		{DA6D626A-5E97-4371-A8B4-EF3E55E607C5}.Debug|Any CPU.ActiveCfg = Debug|Any CPU
		{DA6D626A-5E97-4371-A8B4-EF3E55E607C5}.Debug|Any CPU.Build.0 = Debug|Any CPU
		{DA6D626A-5E97-4371-A8B4-EF3E55E607C5}.Release|Any CPU.ActiveCfg = Release|Any CPU
		{DA6D626A-5E97-4371-A8B4-EF3E55E607C5}.Release|Any CPU.Build.0 = Release|Any CPU
		{F28D00E7-7E80-4E0E-B156-54D481DA7A55}.Debug|Any CPU.ActiveCfg = Debug|Any CPU
		{F28D00E7-7E80-4E0E-B156-54D481DA7A55}.Debug|Any CPU.Build.0 = Debug|Any CPU
		{F28D00E7-7E80-4E0E-B156-54D481DA7A55}.Debug|Any CPU.Deploy.0 = Debug|Any CPU
		{F28D00E7-7E80-4E0E-B156-54D481DA7A55}.Release|Any CPU.ActiveCfg = Release|Any CPU
		{F28D00E7-7E80-4E0E-B156-54D481DA7A55}.Release|Any CPU.Build.0 = Release|Any CPU
		{F28D00E7-7E80-4E0E-B156-54D481DA7A55}.Release|Any CPU.Deploy.0 = Release|Any CPU
	EndGlobalSection
	GlobalSection(SolutionProperties) = preSolution
		HideSolutionNode = FALSE
	EndGlobalSection
	GlobalSection(NestedProjects) = preSolution
		{626EA618-25CB-4221-B168-CF2894213D34} = {6430A1A5-7793-4F26-A6C1-2DD21EB47FB1}
		{4B16A8EF-A310-4FCD-80A3-9D386AC63DC8} = {626EA618-25CB-4221-B168-CF2894213D34}
		{55C3D4FF-99A5-4F84-ACA9-CA55B1A3FC01} = {626EA618-25CB-4221-B168-CF2894213D34}
		{F761218F-5203-4C7D-BAD5-A725448D578B} = {6430A1A5-7793-4F26-A6C1-2DD21EB47FB1}
		{A3FE99D4-9F33-4602-96F2-FEDB7C66630F} = {6430A1A5-7793-4F26-A6C1-2DD21EB47FB1}
		{DA6D626A-5E97-4371-A8B4-EF3E55E607C5} = {6430A1A5-7793-4F26-A6C1-2DD21EB47FB1}
		{F28D00E7-7E80-4E0E-B156-54D481DA7A55} = {AE298158-49AE-43FD-A917-51B3109B80DD}
	EndGlobalSection
	GlobalSection(ExtensibilityGlobals) = postSolution
		SolutionGuid = {58DC3897-9D2A-40AC-9041-EF58B0414EA1}
	EndGlobalSection
EndGlobal
